<?xml version="1.0" encoding="utf-8"?>
<Project ToolsVersion="4.0" xmlns="http://schemas.microsoft.com/developer/msbuild/2003">
  <ItemGroup>
    <ClCompile Include="WallpaperEngineClient.cpp">
      <Filter>Main</Filter>
    </ClCompile>
    <ClCompile Include="main.cpp">
      <Filter>Main</Filter>
    </ClCompile>
    <ClCompile Include="SingleApplication.cpp">
      <Filter>Main\SingleApplication</Filter>
    </ClCompile>
    <ClCompile Include="WallpaperEngineView.cpp">
      <Filter>Source Files</Filter>
    </ClCompile>
  </ItemGroup>
  <ItemGroup>
    <Filter Include="Main">
      <UniqueIdentifier>{e07a2cb5-f452-4f69-8a79-d0126f0a8865}</UniqueIdentifier>
    </Filter>
    <Filter Include="Header Files">
      <UniqueIdentifier>{93995380-89BD-4b04-88EB-625FBE52EBFB}</UniqueIdentifier>
      <Extensions>h;hh;hpp;hxx;hm;inl;inc;xsd</Extensions>
      <ParseFiles>true</ParseFiles>
    </Filter>
    <Filter Include="Source Files">
      <UniqueIdentifier>{4FC737F1-C7A5-4376-A066-2A32D752A2FF}</UniqueIdentifier>
      <Extensions>cpp;c;cc;cxx;def;odl;idl;hpj;bat;asm;asmx</Extensions>
      <ParseFiles>true</ParseFiles>
    </Filter>
    <Filter Include="Main\SingleApplication">
      <UniqueIdentifier>{4b041c0f-d4e5-47b1-a35e-df594cb4ad75}</UniqueIdentifier>
    </Filter>
  </ItemGroup>
  <ItemGroup>
    <QtMoc Include="WallpaperEngineClient.h">
      <Filter>Main</Filter>
    </QtMoc>
    <QtMoc Include="SingleApplication.h">
      <Filter>Main\SingleApplication</Filter>
    </QtMoc>
    <QtMoc Include="WallpaperEngineView.h">
      <Filter>Header Files</Filter>
    </QtMoc>
  </ItemGroup>
  <ItemGroup>
    <QtRcc Include="WallpaperEngineClient.qrc">
      <Filter>Main</Filter>
    </QtRcc>
  </ItemGroup>
  <ItemGroup>
    <Image Include="icons\Wallpaper Engine Client.ico" />
  </ItemGroup>
  <ItemGroup>
    <ClInclude Include="resource.h">
      <Filter>Header Files</Filter>
    </ClInclude>
  </ItemGroup>
  <ItemGroup>
    <ResourceCompile Include="Wallpaper Engine Client.rc" />
  </ItemGroup>
</Project>